{
  "nodes": {
    "brew-src": {
      "flake": false,
      "locked": {
        "lastModified": 1742457334,
        "narHash": "sha256-Gn7ruyb3NDFr+SsHBfA2NsJI8YkkWdECqLRj/xcjt+E=",
        "owner": "Homebrew",
        "repo": "brew",
        "rev": "f3bd91d3afe086824d24708230e1f0c7f943135a",
        "type": "github"
      },
      "original": {
        "owner": "Homebrew",
        "ref": "4.4.25",
        "repo": "brew",
        "type": "github"
      }
    },
    "crane": {
      "locked": {
        "lastModified": 1737689766,
        "narHash": "sha256-ivVXYaYlShxYoKfSo5+y5930qMKKJ8CLcAoIBPQfJ6s=",
        "owner": "ipetkov",
        "repo": "crane",
        "rev": "6fe74265bbb6d016d663b1091f015e2976c4a527",
        "type": "github"
      },
      "original": {
        "owner": "ipetkov",
        "repo": "crane",
        "type": "github"
      }
    },
    "darwin": {
      "inputs": {
        "nixpkgs": [
          "nixpkgs"
        ]
      },
      "locked": {
        "lastModified": 1745816321,
        "narHash": "sha256-Gyh/fkCDqVNGM0BWvk+4UAS17w2UI6iwnbQQCmc1TDI=",
        "owner": "lnl7",
        "repo": "nix-darwin",
        "rev": "4515dacafb0ccd42e5395aacc49fd58a43027e01",
        "type": "github"
      },
      "original": {
        "owner": "lnl7",
        "repo": "nix-darwin",
        "type": "github"
      }
    },
    "fenix": {
      "inputs": {
        "nixpkgs": [
          "flox",
          "nixpkgs"
        ],
        "rust-analyzer-src": "rust-analyzer-src"
      },
      "locked": {
        "lastModified": 1742452566,
        "narHash": "sha256-sVuLDQ2UIWfXUBbctzrZrXM2X05YjX08K7XHMztt36E=",
        "owner": "nix-community",
        "repo": "fenix",
        "rev": "7d9ba794daf5e8cc7ee728859bc688d8e26d5f06",
        "type": "github"
      },
      "original": {
        "owner": "nix-community",
        "repo": "fenix",
        "type": "github"
      }
    },
    "flake-compat": {
      "flake": false,
      "locked": {
        "lastModified": 1696426674,
        "narHash": "sha256-kvjfFW7WAETZlt09AgDn1MrtKzP7t90Vf7vypd3OL1U=",
        "owner": "edolstra",
        "repo": "flake-compat",
        "rev": "0f9255e01c2351cc7d116c072cb317785dd33b33",
        "type": "github"
      },
      "original": {
        "owner": "edolstra",
        "repo": "flake-compat",
        "type": "github"
      }
    },
    "flox": {
      "inputs": {
        "crane": "crane",
        "fenix": "fenix",
        "nixpkgs": "nixpkgs",
        "pre-commit-hooks": "pre-commit-hooks"
      },
      "locked": {
        "lastModified": 1744670737,
        "narHash": "sha256-OarUl4BUnS4+J1lqUzC3744BKD/x9KE6dOd5sBgMb6E=",
        "owner": "flox",
        "repo": "flox",
        "rev": "081c0772e5ee4f3bc0edd157ae342f04580e9e0c",
        "type": "github"
      },
      "original": {
        "owner": "flox",
        "ref": "v1.4.0",
        "repo": "flox",
        "type": "github"
      }
    },
    "gitignore": {
      "inputs": {
        "nixpkgs": [
          "flox",
          "pre-commit-hooks",
          "nixpkgs"
        ]
      },
      "locked": {
        "lastModified": 1709087332,
        "narHash": "sha256-HG2cCnktfHsKV0s4XW83gU3F57gaTljL9KNSuG6bnQs=",
        "owner": "hercules-ci",
        "repo": "gitignore.nix",
        "rev": "637db329424fd7e46cf4185293b9cc8c88c95394",
        "type": "github"
      },
      "original": {
        "owner": "hercules-ci",
        "repo": "gitignore.nix",
        "type": "github"
      }
    },
    "home-manager": {
      "inputs": {
        "nixpkgs": [
          "nixpkgs"
        ]
      },
      "locked": {
        "lastModified": 1745894335,
        "narHash": "sha256-m47zhftaod/oHOwoVT25jstdcVLhkrVGyvEHKjbnFHI=",
        "owner": "nix-community",
        "repo": "home-manager",
        "rev": "1ad123239957d40e11ef66c203d0a7e272eb48aa",
        "type": "github"
      },
      "original": {
        "owner": "nix-community",
        "repo": "home-manager",
        "type": "github"
      }
    },
    "homebrew-cask": {
      "flake": false,
      "locked": {
        "lastModified": 1745921826,
        "narHash": "sha256-Y6Do55vtdvDIpCCd1Jju8XjI6mPGQKr89PNsekgXpI0=",
        "owner": "homebrew",
        "repo": "homebrew-cask",
        "rev": "ee425744de23a5aa5ddfcc051c9f048a7b028175",
        "type": "github"
      },
      "original": {
        "owner": "homebrew",
        "repo": "homebrew-cask",
        "type": "github"
      }
    },
    "homebrew-core": {
      "flake": false,
      "locked": {
        "lastModified": 1745922776,
        "narHash": "sha256-OX9AhK6aap1zZrA2Pfwl8YqGoka5BExpNJ5a/tYFACw=",
        "owner": "homebrew",
        "repo": "homebrew-core",
        "rev": "8e0d5dbeff2c10383f90c3802e85611aa35b0c10",
        "type": "github"
      },
      "original": {
        "owner": "homebrew",
        "repo": "homebrew-core",
        "type": "github"
      }
    },
    "nix-darwin": {
      "inputs": {
        "nixpkgs": "nixpkgs_2"
      },
      "locked": {
        "lastModified": 1716329735,
        "narHash": "sha256-ap51w+VqG21vuzyQ04WrhI2YbWHd3UGz0e7dc/QQmoA=",
        "owner": "LnL7",
        "repo": "nix-darwin",
        "rev": "eac4f25028c1975a939c8f8fba95c12f8a25e01c",
        "type": "github"
      },
      "original": {
        "owner": "LnL7",
        "repo": "nix-darwin",
        "type": "github"
      }
    },
    "nix-homebrew": {
      "inputs": {
        "brew-src": "brew-src",
        "nix-darwin": "nix-darwin",
        "nixpkgs": [
          "nixpkgs"
        ]
      },
      "locked": {
        "lastModified": 1744563914,
        "narHash": "sha256-0exTKCXDE/8G7gZQ9Gk3EcZBAL7lwzxhD7DtUBsnlGI=",
        "owner": "zhaofengli",
        "repo": "nix-homebrew",
        "rev": "53507607d69c88efc816e806b8139607c7257285",
        "type": "github"
      },
      "original": {
        "owner": "zhaofengli",
        "repo": "nix-homebrew",
        "type": "github"
      }
    },
    "nixpkgs": {
      "locked": {
        "lastModified": 1742889210,
        "narHash": "sha256-hw63HnwnqU3ZQfsMclLhMvOezpM7RSB0dMAtD5/sOiw=",
        "owner": "flox",
        "repo": "nixpkgs",
        "rev": "698214a32beb4f4c8e3942372c694f40848b360d",
        "type": "github"
      },
      "original": {
        "owner": "flox",
        "ref": "stable",
        "repo": "nixpkgs",
        "type": "github"
      }
    },
    "nixpkgs_2": {
      "locked": {
        "lastModified": 1687274257,
        "narHash": "sha256-TutzPriQcZ8FghDhEolnHcYU2oHIG5XWF+/SUBNnAOE=",
        "path": "/nix/store/22qgs3skscd9bmrxv9xv4q5d4wwm5ppx-source",
        "rev": "2c9ecd1f0400076a4d6b2193ad468ff0a7e7fdc5",
        "type": "path"
      },
      "original": {
        "id": "nixpkgs",
        "type": "indirect"
      }
    },
    "nixpkgs_3": {
      "locked": {
        "lastModified": 1745804731,
        "narHash": "sha256-v/sK3AS0QKu/Tu5sHIfddiEHCvrbNYPv8X10Fpux68g=",
        "owner": "nixos",
        "repo": "nixpkgs",
        "rev": "29335f23bea5e34228349ea739f31ee79e267b88",
        "type": "github"
      },
      "original": {
        "owner": "nixos",
        "ref": "nixpkgs-unstable",
        "repo": "nixpkgs",
        "type": "github"
      }
    },
    "pre-commit-hooks": {
      "inputs": {
        "flake-compat": "flake-compat",
        "gitignore": "gitignore",
        "nixpkgs": [
          "flox",
          "nixpkgs"
        ]
      },
      "locked": {
        "lastModified": 1737465171,
        "narHash": "sha256-R10v2hoJRLq8jcL4syVFag7nIGE7m13qO48wRIukWNg=",
        "owner": "cachix",
        "repo": "pre-commit-hooks.nix",
        "rev": "9364dc02281ce2d37a1f55b6e51f7c0f65a75f17",
        "type": "github"
      },
      "original": {
        "owner": "cachix",
        "repo": "pre-commit-hooks.nix",
        "type": "github"
      }
    },
    "root": {
      "inputs": {
        "darwin": "darwin",
        "flox": "flox",
        "home-manager": "home-manager",
        "homebrew-cask": "homebrew-cask",
        "homebrew-core": "homebrew-core",
        "nix-homebrew": "nix-homebrew",
        "nixpkgs": "nixpkgs_3"
      }
    },
    "rust-analyzer-src": {
      "flake": false,
      "locked": {
        "lastModified": 1742296961,
        "narHash": "sha256-gCpvEQOrugHWLimD1wTFOJHagnSEP6VYBDspq96Idu0=",
        "owner": "rust-lang",
        "repo": "rust-analyzer",
        "rev": "15d87419f1a123d8f888d608129c3ce3ff8f13d4",
        "type": "github"
      },
      "original": {
        "owner": "rust-lang",
        "ref": "nightly",
        "repo": "rust-analyzer",
        "type": "github"
      }
    }
  },
  "root": "root",
  "version": 7
}
